
Microsoft Visual Studio Solution File, Format Version 12.00
# Visual Studio Version 17
VisualStudioVersion = 17.0.32112.339
MinimumVisualStudioVersion = 10.0.40219.1
Project("{8BC9CEB8-8B4A-11D0-8D11-00A0C91BC942}") = "ArcDPS-Timer", "ArcDPS-Timer\ArcDPS-Timer.vcxproj", "{C5391DCB-83AD-4EBA-8527-FFDE797D27EC}"
EndProject
Project("{2150E333-8FDC-42A3-9474-1A3956D46DE8}") = "Solution Items", "Solution Items", "{E1B04221-71FA-4FF8-8603-DF5DC9479F04}"
	ProjectSection(SolutionItems) = preProject
		LICENSE = LICENSE
		Readme.md = Readme.md
		vcpkg.json = vcpkg.json
	EndProjectSection
EndProject
Project("{8BC9CEB8-8B4A-11D0-8D11-00A0C91BC942}") = "ArcDPS-Timer-Server", "ArcDPS-Timer-Server\ArcDPS-Timer-Server.vcxproj", "{7427235A-D3F2-4D33-B791-8D4CD1C397F3}"
EndProject
Global
	GlobalSection(SolutionConfigurationPlatforms) = preSolution
		Debug|Any CPU = Debug|Any CPU
		Debug|x64 = Debug|x64
		Debug|x86 = Debug|x86
		Release|Any CPU = Release|Any CPU
		Release|x64 = Release|x64
		Release|x86 = Release|x86
	EndGlobalSection
	GlobalSection(ProjectConfigurationPlatforms) = postSolution
		{C5391DCB-83AD-4EBA-8527-FFDE797D27EC}.Debug|Any CPU.ActiveCfg = Debug|x64
		{C5391DCB-83AD-4EBA-8527-FFDE797D27EC}.Debug|Any CPU.Build.0 = Debug|x64
		{C5391DCB-83AD-4EBA-8527-FFDE797D27EC}.Debug|x64.ActiveCfg = Debug|x64
		{C5391DCB-83AD-4EBA-8527-FFDE797D27EC}.Debug|x64.Build.0 = Debug|x64
		{C5391DCB-83AD-4EBA-8527-FFDE797D27EC}.Debug|x86.ActiveCfg = Debug|Win32
		{C5391DCB-83AD-4EBA-8527-FFDE797D27EC}.Debug|x86.Build.0 = Debug|Win32
		{C5391DCB-83AD-4EBA-8527-FFDE797D27EC}.Release|Any CPU.ActiveCfg = Release|x64
		{C5391DCB-83AD-4EBA-8527-FFDE797D27EC}.Release|Any CPU.Build.0 = Release|x64
		{C5391DCB-83AD-4EBA-8527-FFDE797D27EC}.Release|x64.ActiveCfg = Release|x64
		{C5391DCB-83AD-4EBA-8527-FFDE797D27EC}.Release|x64.Build.0 = Release|x64
		{C5391DCB-83AD-4EBA-8527-FFDE797D27EC}.Release|x86.ActiveCfg = Release|Win32
		{C5391DCB-83AD-4EBA-8527-FFDE797D27EC}.Release|x86.Build.0 = Release|Win32
		{7427235A-D3F2-4D33-B791-8D4CD1C397F3}.Debug|Any CPU.ActiveCfg = Debug|x64
		{7427235A-D3F2-4D33-B791-8D4CD1C397F3}.Debug|Any CPU.Build.0 = Debug|x64
		{7427235A-D3F2-4D33-B791-8D4CD1C397F3}.Debug|x64.ActiveCfg = Debug|x64
		{7427235A-D3F2-4D33-B791-8D4CD1C397F3}.Debug|x64.Build.0 = Debug|x64
		{7427235A-D3F2-4D33-B791-8D4CD1C397F3}.Debug|x86.ActiveCfg = Debug|Win32
		{7427235A-D3F2-4D33-B791-8D4CD1C397F3}.Debug|x86.Build.0 = Debug|Win32
		{7427235A-D3F2-4D33-B791-8D4CD1C397F3}.Release|Any CPU.ActiveCfg = Release|x64
		{7427235A-D3F2-4D33-B791-8D4CD1C397F3}.Release|Any CPU.Build.0 = Release|x64
		{7427235A-D3F2-4D33-B791-8D4CD1C397F3}.Release|x64.ActiveCfg = Release|x64
		{7427235A-D3F2-4D33-B791-8D4CD1C397F3}.Release|x64.Build.0 = Release|x64
		{7427235A-D3F2-4D33-B791-8D4CD1C397F3}.Release|x86.ActiveCfg = Release|Win32
		{7427235A-D3F2-4D33-B791-8D4CD1C397F3}.Release|x86.Build.0 = Release|Win32
	EndGlobalSection
	GlobalSection(SolutionProperties) = preSolution
		HideSolutionNode = FALSE
	EndGlobalSection
	GlobalSection(ExtensibilityGlobals) = postSolution
		SolutionGuid = {44A757C5-FEB2-4E33-8E7A-6FF66CF4649C}
	EndGlobalSection
EndGlobal
